
Microsoft Visual Studio Solution File, Format Version 12.00
# Visual Studio 15
VisualStudioVersion = 15.0.28307.572
MinimumVisualStudioVersion = 10.0.40219.1
Project("{FAE04EC0-301F-11D3-BF4B-00C04F79EFBC}") = "AutomationPractice", "AutomationPractice\AutomationPractice.csproj", "{8F34B8A4-D09C-442E-ACEF-13AF8162DDB5}"
EndProject
Global
	GlobalSection(SolutionConfigurationPlatforms) = preSolution
		Debug|Any CPU = Debug|Any CPU
		Release|Any CPU = Release|Any CPU
	EndGlobalSection
	GlobalSection(ProjectConfigurationPlatforms) = postSolution
		{8F34B8A4-D09C-442E-ACEF-13AF8162DDB5}.Debug|Any CPU.ActiveCfg = Debug|Any CPU
		{8F34B8A4-D09C-442E-ACEF-13AF8162DDB5}.Debug|Any CPU.Build.0 = Debug|Any CPU
		{8F34B8A4-D09C-442E-ACEF-13AF8162DDB5}.Release|Any CPU.ActiveCfg = Release|Any CPU
		{8F34B8A4-D09C-442E-ACEF-13AF8162DDB5}.Release|Any CPU.Build.0 = Release|Any CPU
	EndGlobalSection
	GlobalSection(SolutionProperties) = preSolution
		HideSolutionNode = FALSE
	EndGlobalSection
	GlobalSection(ExtensibilityGlobals) = postSolution
		SolutionGuid = {D8190194-E321-4159-8A3E-C5452257FBC2}
	EndGlobalSection
EndGlobal
